
Microsoft Visual Studio Solution File, Format Version 12.00
# Visual Studio Version 17
VisualStudioVersion = 17.10.34916.146
MinimumVisualStudioVersion = 10.0.40219.1
Project("{FAE04EC0-301F-11D3-BF4B-00C04F79EFBC}") = "SchoolManagementD", "SchoolManagementD.csproj", "{925C455A-2C77-491A-8837-941B240BE2B3}"
EndProject
Global
	GlobalSection(SolutionConfigurationPlatforms) = preSolution
		Debug|Any CPU = Debug|Any CPU
		Release|Any CPU = Release|Any CPU
	EndGlobalSection
	GlobalSection(ProjectConfigurationPlatforms) = postSolution
		{925C455A-2C77-491A-8837-941B240BE2B3}.Debug|Any CPU.ActiveCfg = Debug|Any CPU
		{925C455A-2C77-491A-8837-941B240BE2B3}.Debug|Any CPU.Build.0 = Debug|Any CPU
		{925C455A-2C77-491A-8837-941B240BE2B3}.Release|Any CPU.ActiveCfg = Release|Any CPU
		{925C455A-2C77-491A-8837-941B240BE2B3}.Release|Any CPU.Build.0 = Release|Any CPU
	EndGlobalSection
	GlobalSection(SolutionProperties) = preSolution
		HideSolutionNode = FALSE
	EndGlobalSection
	GlobalSection(ExtensibilityGlobals) = postSolution
		SolutionGuid = {9D6CE956-75B6-4624-BD52-38C13D849DBC}
	EndGlobalSection
EndGlobal
